
Microsoft Visual Studio Solution File, Format Version 12.00
# Visual Studio Version 16
VisualStudioVersion = 16.0.29613.14
MinimumVisualStudioVersion = 10.0.40219.1
Project("{9A19103F-16F7-4668-BE54-9A1E7A4F7556}") = "7_ReverseDigits", "7_ReverseDigits\7_ReverseDigits.csproj", "{60007AB3-11F8-492F-B699-3A26650F2564}"
EndProject
Project("{9A19103F-16F7-4668-BE54-9A1E7A4F7556}") = "9_IsPalindromeNumber", "9_IsPalindromeNumber\9_IsPalindromeNumber.csproj", "{28EDD0CB-A7D6-4303-A1B0-B1A8BFD0245A}"
EndProject
Project("{9A19103F-16F7-4668-BE54-9A1E7A4F7556}") = "13_RomanToInteger", "13_RomanToInteger\13_RomanToInteger.csproj", "{BF180789-CF87-4A24-BD8C-22B4DE08A8B9}"
EndProject
Project("{9A19103F-16F7-4668-BE54-9A1E7A4F7556}") = "14_LongestCommonPrefix", "14_LongestCommonPrefix\14_LongestCommonPrefix.csproj", "{F0ADDBC6-5B8A-44D2-B33A-5D5E3C9E7C97}"
EndProject
Project("{9A19103F-16F7-4668-BE54-9A1E7A4F7556}") = "20_ValidParenthesis", "20_ValidParenthesis\20_ValidParenthesis.csproj", "{F2F4C60F-1A0F-4A0B-8266-E8ADD519B5E9}"
EndProject
Project("{9A19103F-16F7-4668-BE54-9A1E7A4F7556}") = "21_MergeTwoSortedLists", "21_MergeTwoSortedLists\21_MergeTwoSortedLists.csproj", "{158D00E3-644A-4F3D-B0E1-8D04656EC523}"
EndProject
Project("{9A19103F-16F7-4668-BE54-9A1E7A4F7556}") = "LeetCodeLib", "LeetCodeLib\LeetCodeLib.csproj", "{C6EDD020-1B39-42D7-BBD5-102C40D8E5DB}"
EndProject
Project("{9A19103F-16F7-4668-BE54-9A1E7A4F7556}") = "26_RemoveDuplicatesFromSortedArray", "26_RemoveDuplicatesFromSortedArray\26_RemoveDuplicatesFromSortedArray.csproj", "{AFF54C44-CCF1-4A2C-AABA-5EF54FA683D7}"
EndProject
Project("{9A19103F-16F7-4668-BE54-9A1E7A4F7556}") = "27_Remove_Element", "27_Remove_Element\27_Remove_Element.csproj", "{13AA3E25-8420-421E-A7F8-37F94EB9F4F4}"
EndProject
Project("{9A19103F-16F7-4668-BE54-9A1E7A4F7556}") = "28_Implement_strstr", "28_Implement_strstr\28_Implement_strstr.csproj", "{25AF231B-6081-4752-82E3-9D90E8372BE5}"
EndProject
Project("{9A19103F-16F7-4668-BE54-9A1E7A4F7556}") = "1_TwoSum", "1_TwoSum\1_TwoSum.csproj", "{69DCDC35-9EEE-494F-849A-E431D9FE1C37}"
EndProject
Project("{9A19103F-16F7-4668-BE54-9A1E7A4F7556}") = "38_CountandSay", "38_CountandSay\38_CountandSay.csproj", "{80A9B602-8A3F-472A-9052-8730C7F6FBEE}"
EndProject
Project("{9A19103F-16F7-4668-BE54-9A1E7A4F7556}") = "35_SearchInsert", "35_SearchInsert\35_SearchInsert.csproj", "{65E7737C-3AD1-4F06-9772-DAA22B94EC41}"
EndProject
Project("{9A19103F-16F7-4668-BE54-9A1E7A4F7556}") = "53_MaximumSubArray", "53_MaximumSubArray\53_MaximumSubArray.csproj", "{8C727E02-3727-44FE-9D07-E527F8E3015A}"
EndProject
Project("{9A19103F-16F7-4668-BE54-9A1E7A4F7556}") = "58_LengthOfLastWord", "58_LengthOfLastWord\58_LengthOfLastWord.csproj", "{90E3E7F4-0AC0-4050-B5AE-F6A78CC8A72E}"
EndProject
Project("{FAE04EC0-301F-11D3-BF4B-00C04F79EFBC}") = "66_PlusOne", "66_PlusOne\66_PlusOne.csproj", "{2815C112-2374-4381-81F8-B0C4B0A60CAB}"
EndProject
Project("{FAE04EC0-301F-11D3-BF4B-00C04F79EFBC}") = "67_AddBinary", "67_AddBinary\67_AddBinary.csproj", "{95DC783B-B2DA-47D5-B959-A93D23DEBDF7}"
EndProject
Project("{FAE04EC0-301F-11D3-BF4B-00C04F79EFBC}") = "SqrtX", "SqrtX\SqrtX.csproj", "{A21C6ECD-8B5C-4AF3-8A12-3F4946FBD69D}"
EndProject
Project("{FAE04EC0-301F-11D3-BF4B-00C04F79EFBC}") = "70_Climbing_Stairs", "70_Climbing_Stairs\70_Climbing_Stairs.csproj", "{EF868625-7A2F-4F83-99F2-6FCDD5189ED4}"
EndProject
Project("{FAE04EC0-301F-11D3-BF4B-00C04F79EFBC}") = "83_RemoveDuplicatesFromSortedList", "83_RemoveDuplicatesFromSortedList\83_RemoveDuplicatesFromSortedList.csproj", "{4EEA459D-717A-4668-8F20-14D2AAAFC48A}"
EndProject
Global
	GlobalSection(SolutionConfigurationPlatforms) = preSolution
		Debug|Any CPU = Debug|Any CPU
		Release|Any CPU = Release|Any CPU
	EndGlobalSection
	GlobalSection(ProjectConfigurationPlatforms) = postSolution
		{60007AB3-11F8-492F-B699-3A26650F2564}.Debug|Any CPU.ActiveCfg = Debug|Any CPU
		{60007AB3-11F8-492F-B699-3A26650F2564}.Debug|Any CPU.Build.0 = Debug|Any CPU
		{60007AB3-11F8-492F-B699-3A26650F2564}.Release|Any CPU.ActiveCfg = Release|Any CPU
		{60007AB3-11F8-492F-B699-3A26650F2564}.Release|Any CPU.Build.0 = Release|Any CPU
		{28EDD0CB-A7D6-4303-A1B0-B1A8BFD0245A}.Debug|Any CPU.ActiveCfg = Debug|Any CPU
		{28EDD0CB-A7D6-4303-A1B0-B1A8BFD0245A}.Debug|Any CPU.Build.0 = Debug|Any CPU
		{28EDD0CB-A7D6-4303-A1B0-B1A8BFD0245A}.Release|Any CPU.ActiveCfg = Release|Any CPU
		{28EDD0CB-A7D6-4303-A1B0-B1A8BFD0245A}.Release|Any CPU.Build.0 = Release|Any CPU
		{BF180789-CF87-4A24-BD8C-22B4DE08A8B9}.Debug|Any CPU.ActiveCfg = Debug|Any CPU
		{BF180789-CF87-4A24-BD8C-22B4DE08A8B9}.Debug|Any CPU.Build.0 = Debug|Any CPU
		{BF180789-CF87-4A24-BD8C-22B4DE08A8B9}.Release|Any CPU.ActiveCfg = Release|Any CPU
		{BF180789-CF87-4A24-BD8C-22B4DE08A8B9}.Release|Any CPU.Build.0 = Release|Any CPU
		{F0ADDBC6-5B8A-44D2-B33A-5D5E3C9E7C97}.Debug|Any CPU.ActiveCfg = Debug|Any CPU
		{F0ADDBC6-5B8A-44D2-B33A-5D5E3C9E7C97}.Debug|Any CPU.Build.0 = Debug|Any CPU
		{F0ADDBC6-5B8A-44D2-B33A-5D5E3C9E7C97}.Release|Any CPU.ActiveCfg = Release|Any CPU
		{F0ADDBC6-5B8A-44D2-B33A-5D5E3C9E7C97}.Release|Any CPU.Build.0 = Release|Any CPU
		{F2F4C60F-1A0F-4A0B-8266-E8ADD519B5E9}.Debug|Any CPU.ActiveCfg = Debug|Any CPU
		{F2F4C60F-1A0F-4A0B-8266-E8ADD519B5E9}.Debug|Any CPU.Build.0 = Debug|Any CPU
		{F2F4C60F-1A0F-4A0B-8266-E8ADD519B5E9}.Release|Any CPU.ActiveCfg = Release|Any CPU
		{F2F4C60F-1A0F-4A0B-8266-E8ADD519B5E9}.Release|Any CPU.Build.0 = Release|Any CPU
		{158D00E3-644A-4F3D-B0E1-8D04656EC523}.Debug|Any CPU.ActiveCfg = Debug|Any CPU
		{158D00E3-644A-4F3D-B0E1-8D04656EC523}.Debug|Any CPU.Build.0 = Debug|Any CPU
		{158D00E3-644A-4F3D-B0E1-8D04656EC523}.Release|Any CPU.ActiveCfg = Release|Any CPU
		{158D00E3-644A-4F3D-B0E1-8D04656EC523}.Release|Any CPU.Build.0 = Release|Any CPU
		{C6EDD020-1B39-42D7-BBD5-102C40D8E5DB}.Debug|Any CPU.ActiveCfg = Debug|Any CPU
		{C6EDD020-1B39-42D7-BBD5-102C40D8E5DB}.Debug|Any CPU.Build.0 = Debug|Any CPU
		{C6EDD020-1B39-42D7-BBD5-102C40D8E5DB}.Release|Any CPU.ActiveCfg = Release|Any CPU
		{C6EDD020-1B39-42D7-BBD5-102C40D8E5DB}.Release|Any CPU.Build.0 = Release|Any CPU
		{AFF54C44-CCF1-4A2C-AABA-5EF54FA683D7}.Debug|Any CPU.ActiveCfg = Debug|Any CPU
		{AFF54C44-CCF1-4A2C-AABA-5EF54FA683D7}.Debug|Any CPU.Build.0 = Debug|Any CPU
		{AFF54C44-CCF1-4A2C-AABA-5EF54FA683D7}.Release|Any CPU.ActiveCfg = Release|Any CPU
		{AFF54C44-CCF1-4A2C-AABA-5EF54FA683D7}.Release|Any CPU.Build.0 = Release|Any CPU
		{13AA3E25-8420-421E-A7F8-37F94EB9F4F4}.Debug|Any CPU.ActiveCfg = Debug|Any CPU
		{13AA3E25-8420-421E-A7F8-37F94EB9F4F4}.Debug|Any CPU.Build.0 = Debug|Any CPU
		{13AA3E25-8420-421E-A7F8-37F94EB9F4F4}.Release|Any CPU.ActiveCfg = Release|Any CPU
		{13AA3E25-8420-421E-A7F8-37F94EB9F4F4}.Release|Any CPU.Build.0 = Release|Any CPU
		{25AF231B-6081-4752-82E3-9D90E8372BE5}.Debug|Any CPU.ActiveCfg = Debug|Any CPU
		{25AF231B-6081-4752-82E3-9D90E8372BE5}.Debug|Any CPU.Build.0 = Debug|Any CPU
		{25AF231B-6081-4752-82E3-9D90E8372BE5}.Release|Any CPU.ActiveCfg = Release|Any CPU
		{25AF231B-6081-4752-82E3-9D90E8372BE5}.Release|Any CPU.Build.0 = Release|Any CPU
		{69DCDC35-9EEE-494F-849A-E431D9FE1C37}.Debug|Any CPU.ActiveCfg = Debug|Any CPU
		{69DCDC35-9EEE-494F-849A-E431D9FE1C37}.Debug|Any CPU.Build.0 = Debug|Any CPU
		{69DCDC35-9EEE-494F-849A-E431D9FE1C37}.Release|Any CPU.ActiveCfg = Release|Any CPU
		{69DCDC35-9EEE-494F-849A-E431D9FE1C37}.Release|Any CPU.Build.0 = Release|Any CPU
		{80A9B602-8A3F-472A-9052-8730C7F6FBEE}.Debug|Any CPU.ActiveCfg = Debug|Any CPU
		{80A9B602-8A3F-472A-9052-8730C7F6FBEE}.Debug|Any CPU.Build.0 = Debug|Any CPU
		{80A9B602-8A3F-472A-9052-8730C7F6FBEE}.Release|Any CPU.ActiveCfg = Release|Any CPU
		{80A9B602-8A3F-472A-9052-8730C7F6FBEE}.Release|Any CPU.Build.0 = Release|Any CPU
		{65E7737C-3AD1-4F06-9772-DAA22B94EC41}.Debug|Any CPU.ActiveCfg = Debug|Any CPU
		{65E7737C-3AD1-4F06-9772-DAA22B94EC41}.Debug|Any CPU.Build.0 = Debug|Any CPU
		{65E7737C-3AD1-4F06-9772-DAA22B94EC41}.Release|Any CPU.ActiveCfg = Release|Any CPU
		{65E7737C-3AD1-4F06-9772-DAA22B94EC41}.Release|Any CPU.Build.0 = Release|Any CPU
		{8C727E02-3727-44FE-9D07-E527F8E3015A}.Debug|Any CPU.ActiveCfg = Debug|Any CPU
		{8C727E02-3727-44FE-9D07-E527F8E3015A}.Debug|Any CPU.Build.0 = Debug|Any CPU
		{8C727E02-3727-44FE-9D07-E527F8E3015A}.Release|Any CPU.ActiveCfg = Release|Any CPU
		{8C727E02-3727-44FE-9D07-E527F8E3015A}.Release|Any CPU.Build.0 = Release|Any CPU
		{90E3E7F4-0AC0-4050-B5AE-F6A78CC8A72E}.Debug|Any CPU.ActiveCfg = Debug|Any CPU
		{90E3E7F4-0AC0-4050-B5AE-F6A78CC8A72E}.Debug|Any CPU.Build.0 = Debug|Any CPU
		{90E3E7F4-0AC0-4050-B5AE-F6A78CC8A72E}.Release|Any CPU.ActiveCfg = Release|Any CPU
		{90E3E7F4-0AC0-4050-B5AE-F6A78CC8A72E}.Release|Any CPU.Build.0 = Release|Any CPU
		{2815C112-2374-4381-81F8-B0C4B0A60CAB}.Debug|Any CPU.ActiveCfg = Debug|Any CPU
		{2815C112-2374-4381-81F8-B0C4B0A60CAB}.Debug|Any CPU.Build.0 = Debug|Any CPU
		{2815C112-2374-4381-81F8-B0C4B0A60CAB}.Release|Any CPU.ActiveCfg = Release|Any CPU
		{2815C112-2374-4381-81F8-B0C4B0A60CAB}.Release|Any CPU.Build.0 = Release|Any CPU
		{95DC783B-B2DA-47D5-B959-A93D23DEBDF7}.Debug|Any CPU.ActiveCfg = Debug|Any CPU
		{95DC783B-B2DA-47D5-B959-A93D23DEBDF7}.Debug|Any CPU.Build.0 = Debug|Any CPU
		{95DC783B-B2DA-47D5-B959-A93D23DEBDF7}.Release|Any CPU.ActiveCfg = Release|Any CPU
		{95DC783B-B2DA-47D5-B959-A93D23DEBDF7}.Release|Any CPU.Build.0 = Release|Any CPU
		{A21C6ECD-8B5C-4AF3-8A12-3F4946FBD69D}.Debug|Any CPU.ActiveCfg = Debug|Any CPU
		{A21C6ECD-8B5C-4AF3-8A12-3F4946FBD69D}.Debug|Any CPU.Build.0 = Debug|Any CPU
		{A21C6ECD-8B5C-4AF3-8A12-3F4946FBD69D}.Release|Any CPU.ActiveCfg = Release|Any CPU
		{A21C6ECD-8B5C-4AF3-8A12-3F4946FBD69D}.Release|Any CPU.Build.0 = Release|Any CPU
		{EF868625-7A2F-4F83-99F2-6FCDD5189ED4}.Debug|Any CPU.ActiveCfg = Debug|Any CPU
		{EF868625-7A2F-4F83-99F2-6FCDD5189ED4}.Debug|Any CPU.Build.0 = Debug|Any CPU
		{EF868625-7A2F-4F83-99F2-6FCDD5189ED4}.Release|Any CPU.ActiveCfg = Release|Any CPU
		{EF868625-7A2F-4F83-99F2-6FCDD5189ED4}.Release|Any CPU.Build.0 = Release|Any CPU
		{4EEA459D-717A-4668-8F20-14D2AAAFC48A}.Debug|Any CPU.ActiveCfg = Debug|Any CPU
		{4EEA459D-717A-4668-8F20-14D2AAAFC48A}.Debug|Any CPU.Build.0 = Debug|Any CPU
		{4EEA459D-717A-4668-8F20-14D2AAAFC48A}.Release|Any CPU.ActiveCfg = Release|Any CPU
		{4EEA459D-717A-4668-8F20-14D2AAAFC48A}.Release|Any CPU.Build.0 = Release|Any CPU
	EndGlobalSection
	GlobalSection(SolutionProperties) = preSolution
		HideSolutionNode = FALSE
	EndGlobalSection
	GlobalSection(ExtensibilityGlobals) = postSolution
		SolutionGuid = {7B271F14-F81F-4E0D-A423-586152BA5CDC}
	EndGlobalSection
EndGlobal
